
Microsoft Visual Studio Solution File, Format Version 12.00
# Visual Studio Version 16
VisualStudioVersion = 16.0.30128.74
MinimumVisualStudioVersion = 10.0.40219.1
Project("{FAE04EC0-301F-11D3-BF4B-00C04F79EFBC}") = "Juego09", "Juego09\Juego09.csproj", "{64E9109D-CAD9-4FDD-943E-9225A6C1A75D}"
EndProject
Project("{FAE04EC0-301F-11D3-BF4B-00C04F79EFBC}") = "versionConsola", "versionConsola\versionConsola.csproj", "{5D369EEC-5422-484F-9073-3ED599352787}"
EndProject
Global
	GlobalSection(SolutionConfigurationPlatforms) = preSolution
		Debug|Any CPU = Debug|Any CPU
		Release|Any CPU = Release|Any CPU
	EndGlobalSection
	GlobalSection(ProjectConfigurationPlatforms) = postSolution
		{64E9109D-CAD9-4FDD-943E-9225A6C1A75D}.Debug|Any CPU.ActiveCfg = Debug|Any CPU
		{64E9109D-CAD9-4FDD-943E-9225A6C1A75D}.Debug|Any CPU.Build.0 = Debug|Any CPU
		{64E9109D-CAD9-4FDD-943E-9225A6C1A75D}.Release|Any CPU.ActiveCfg = Release|Any CPU
		{64E9109D-CAD9-4FDD-943E-9225A6C1A75D}.Release|Any CPU.Build.0 = Release|Any CPU
		{5D369EEC-5422-484F-9073-3ED599352787}.Debug|Any CPU.ActiveCfg = Debug|Any CPU
		{5D369EEC-5422-484F-9073-3ED599352787}.Debug|Any CPU.Build.0 = Debug|Any CPU
		{5D369EEC-5422-484F-9073-3ED599352787}.Release|Any CPU.ActiveCfg = Release|Any CPU
		{5D369EEC-5422-484F-9073-3ED599352787}.Release|Any CPU.Build.0 = Release|Any CPU
	EndGlobalSection
	GlobalSection(SolutionProperties) = preSolution
		HideSolutionNode = FALSE
	EndGlobalSection
	GlobalSection(ExtensibilityGlobals) = postSolution
		SolutionGuid = {AC7308C5-C696-4757-89FF-8E7BF73239A8}
	EndGlobalSection
EndGlobal
