
Microsoft Visual Studio Solution File, Format Version 12.00
# Visual Studio Version 16
VisualStudioVersion = 16.0.31410.357
MinimumVisualStudioVersion = 10.0.40219.1
Project("{FAE04EC0-301F-11D3-BF4B-00C04F79EFBC}") = "TheLordOfTheRings", "TheLordOfTheRings\TheLordOfTheRings.csproj", "{D67CBE87-641C-44A0-B1E8-DD9C3CB3D790}"
EndProject
Global
	GlobalSection(SolutionConfigurationPlatforms) = preSolution
		Debug|Any CPU = Debug|Any CPU
		Release|Any CPU = Release|Any CPU
	EndGlobalSection
	GlobalSection(ProjectConfigurationPlatforms) = postSolution
		{D67CBE87-641C-44A0-B1E8-DD9C3CB3D790}.Debug|Any CPU.ActiveCfg = Debug|Any CPU
		{D67CBE87-641C-44A0-B1E8-DD9C3CB3D790}.Debug|Any CPU.Build.0 = Debug|Any CPU
		{D67CBE87-641C-44A0-B1E8-DD9C3CB3D790}.Release|Any CPU.ActiveCfg = Release|Any CPU
		{D67CBE87-641C-44A0-B1E8-DD9C3CB3D790}.Release|Any CPU.Build.0 = Release|Any CPU
	EndGlobalSection
	GlobalSection(SolutionProperties) = preSolution
		HideSolutionNode = FALSE
	EndGlobalSection
	GlobalSection(ExtensibilityGlobals) = postSolution
		SolutionGuid = {8191427D-2D8D-4B04-B9AA-B6061B65C3DE}
	EndGlobalSection
EndGlobal
