
Microsoft Visual Studio Solution File, Format Version 12.00
# Visual Studio Version 16
VisualStudioVersion = 16.0.31410.357
MinimumVisualStudioVersion = 10.0.40219.1
Project("{FAE04EC0-301F-11D3-BF4B-00C04F79EFBC}") = "TheLordOfTheRing3", "TheLordOfTheRings3\TheLordOfTheRing3.csproj", "{1FE391F2-07E3-43D3-873F-DE1CFB5BC334}"
EndProject
Global
	GlobalSection(SolutionConfigurationPlatforms) = preSolution
		Debug|Any CPU = Debug|Any CPU
		Release|Any CPU = Release|Any CPU
	EndGlobalSection
	GlobalSection(ProjectConfigurationPlatforms) = postSolution
		{1FE391F2-07E3-43D3-873F-DE1CFB5BC334}.Debug|Any CPU.ActiveCfg = Debug|Any CPU
		{1FE391F2-07E3-43D3-873F-DE1CFB5BC334}.Debug|Any CPU.Build.0 = Debug|Any CPU
		{1FE391F2-07E3-43D3-873F-DE1CFB5BC334}.Release|Any CPU.ActiveCfg = Release|Any CPU
		{1FE391F2-07E3-43D3-873F-DE1CFB5BC334}.Release|Any CPU.Build.0 = Release|Any CPU
	EndGlobalSection
	GlobalSection(SolutionProperties) = preSolution
		HideSolutionNode = FALSE
	EndGlobalSection
	GlobalSection(ExtensibilityGlobals) = postSolution
		SolutionGuid = {C171082A-D58C-4BCD-B77D-1F44D4A36EF8}
	EndGlobalSection
EndGlobal
